
Microsoft Visual Studio Solution File, Format Version 12.00
# Visual Studio Version 17
VisualStudioVersion = 17.5.33516.290
MinimumVisualStudioVersion = 10.0.40219.1
Project("{FAE04EC0-301F-11D3-BF4B-00C04F79EFBC}") = "Permit.Api", "PermitAPI\Permit.Api.csproj", "{A40A5723-7E7F-4D69-A67B-B847A3068ED9}"
	ProjectSection(ProjectDependencies) = postProject
		{84AFEA96-4F09-4F12-A409-1C45490C0548} = {84AFEA96-4F09-4F12-A409-1C45490C0548}
	EndProjectSection
EndProject
Project("{FAE04EC0-301F-11D3-BF4B-00C04F79EFBC}") = "Permit.Application", "Permit.Application\Permit.Application.csproj", "{84AFEA96-4F09-4F12-A409-1C45490C0548}"
EndProject
Project("{FAE04EC0-301F-11D3-BF4B-00C04F79EFBC}") = "Permit.Persistence", "Permit.Persistence\Permit.Persistence.csproj", "{0E9C7A4F-0B1D-49DE-A496-3E5C20B446AF}"
EndProject
Project("{FAE04EC0-301F-11D3-BF4B-00C04F79EFBC}") = "Permit.Domain", "Permit.Domain\Permit.Domain.csproj", "{3B8FA8AC-773B-4C05-B894-C4C6F17748F8}"
EndProject
Global
	GlobalSection(SolutionConfigurationPlatforms) = preSolution
		Debug|Any CPU = Debug|Any CPU
		Release|Any CPU = Release|Any CPU
	EndGlobalSection
	GlobalSection(ProjectConfigurationPlatforms) = postSolution
		{A40A5723-7E7F-4D69-A67B-B847A3068ED9}.Debug|Any CPU.ActiveCfg = Debug|Any CPU
		{A40A5723-7E7F-4D69-A67B-B847A3068ED9}.Debug|Any CPU.Build.0 = Debug|Any CPU
		{A40A5723-7E7F-4D69-A67B-B847A3068ED9}.Release|Any CPU.ActiveCfg = Release|Any CPU
		{A40A5723-7E7F-4D69-A67B-B847A3068ED9}.Release|Any CPU.Build.0 = Release|Any CPU
		{84AFEA96-4F09-4F12-A409-1C45490C0548}.Debug|Any CPU.ActiveCfg = Debug|Any CPU
		{84AFEA96-4F09-4F12-A409-1C45490C0548}.Debug|Any CPU.Build.0 = Debug|Any CPU
		{84AFEA96-4F09-4F12-A409-1C45490C0548}.Release|Any CPU.ActiveCfg = Release|Any CPU
		{84AFEA96-4F09-4F12-A409-1C45490C0548}.Release|Any CPU.Build.0 = Release|Any CPU
		{0E9C7A4F-0B1D-49DE-A496-3E5C20B446AF}.Debug|Any CPU.ActiveCfg = Debug|Any CPU
		{0E9C7A4F-0B1D-49DE-A496-3E5C20B446AF}.Debug|Any CPU.Build.0 = Debug|Any CPU
		{0E9C7A4F-0B1D-49DE-A496-3E5C20B446AF}.Release|Any CPU.ActiveCfg = Release|Any CPU
		{0E9C7A4F-0B1D-49DE-A496-3E5C20B446AF}.Release|Any CPU.Build.0 = Release|Any CPU
		{3B8FA8AC-773B-4C05-B894-C4C6F17748F8}.Debug|Any CPU.ActiveCfg = Debug|Any CPU
		{3B8FA8AC-773B-4C05-B894-C4C6F17748F8}.Debug|Any CPU.Build.0 = Debug|Any CPU
		{3B8FA8AC-773B-4C05-B894-C4C6F17748F8}.Release|Any CPU.ActiveCfg = Release|Any CPU
		{3B8FA8AC-773B-4C05-B894-C4C6F17748F8}.Release|Any CPU.Build.0 = Release|Any CPU
	EndGlobalSection
	GlobalSection(SolutionProperties) = preSolution
		HideSolutionNode = FALSE
	EndGlobalSection
	GlobalSection(ExtensibilityGlobals) = postSolution
		SolutionGuid = {9A55D7DB-B58C-4978-BC92-34BD6D881A39}
	EndGlobalSection
EndGlobal
